{
  "requires": true,
  "lockfileVersion": 1,
  "dependencies": {
    "ngx-cookie-service": {
      "version": "2.4.0",
      "resolved": "https://registry.npmjs.org/ngx-cookie-service/-/ngx-cookie-service-2.4.0.tgz",
      "integrity": "sha512-uR/6mCQ1t+XY5G1/irqRhoEddx1PPtmz7JHM/2nn5yQmicnj+n48x8C2PMxwaYDHKRh7QPQ9G5scR36Mmdz09A=="
    }
  }
}
